
Microsoft Visual Studio Solution File, Format Version 12.00
# Visual Studio 15
Project("{FAE04EC0-301F-11D3-BF4B-00C04F79EFBC}") = "ScriptDefinition", "ScriptDefinition.csproj", "{08264A6B-4D30-39FA-AC30-3A3C21F0F806}"
EndProject
Project("{FAE04EC0-301F-11D3-BF4B-00C04F79EFBC}") = "Assembly-CSharp", "Assembly-CSharp.csproj", "{C915EEDD-79F5-1AFB-5B95-0E66135EEE59}"
EndProject
Global
	GlobalSection(SolutionConfigurationPlatforms) = preSolution
		Debug|Any CPU = Debug|Any CPU
		Release|Any CPU = Release|Any CPU
	EndGlobalSection
	GlobalSection(ProjectConfigurationPlatforms) = postSolution
		{08264A6B-4D30-39FA-AC30-3A3C21F0F806}.Debug|Any CPU.ActiveCfg = Debug|Any CPU
		{08264A6B-4D30-39FA-AC30-3A3C21F0F806}.Debug|Any CPU.Build.0 = Debug|Any CPU
		{08264A6B-4D30-39FA-AC30-3A3C21F0F806}.Release|Any CPU.ActiveCfg = Release|Any CPU
		{08264A6B-4D30-39FA-AC30-3A3C21F0F806}.Release|Any CPU.Build.0 = Release|Any CPU
		{C915EEDD-79F5-1AFB-5B95-0E66135EEE59}.Debug|Any CPU.ActiveCfg = Debug|Any CPU
		{C915EEDD-79F5-1AFB-5B95-0E66135EEE59}.Debug|Any CPU.Build.0 = Debug|Any CPU
		{C915EEDD-79F5-1AFB-5B95-0E66135EEE59}.Release|Any CPU.ActiveCfg = Release|Any CPU
		{C915EEDD-79F5-1AFB-5B95-0E66135EEE59}.Release|Any CPU.Build.0 = Release|Any CPU
	EndGlobalSection
	GlobalSection(SolutionProperties) = preSolution
		HideSolutionNode = FALSE
	EndGlobalSection
EndGlobal
